
Microsoft Visual Studio Solution File, Format Version 12.00
# Visual Studio Version 16
VisualStudioVersion = 16.0.31321.278
MinimumVisualStudioVersion = 10.0.40219.1
Project("{FAE04EC0-301F-11D3-BF4B-00C04F79EFBC}") = "GNWebAPI", "GNWebAPI\GNWebAPI.csproj", "{49024562-022C-4E51-95C4-373345EBB112}"
EndProject
Project("{FAE04EC0-301F-11D3-BF4B-00C04F79EFBC}") = "GNWebApp", "GNWebApp\GNWebApp.csproj", "{97BBD4CC-C8D0-4F26-9289-CB78EB5C22A0}"
EndProject
Global
	GlobalSection(SolutionConfigurationPlatforms) = preSolution
		Debug|Any CPU = Debug|Any CPU
		Release|Any CPU = Release|Any CPU
	EndGlobalSection
	GlobalSection(ProjectConfigurationPlatforms) = postSolution
		{49024562-022C-4E51-95C4-373345EBB112}.Debug|Any CPU.ActiveCfg = Debug|Any CPU
		{49024562-022C-4E51-95C4-373345EBB112}.Debug|Any CPU.Build.0 = Debug|Any CPU
		{49024562-022C-4E51-95C4-373345EBB112}.Release|Any CPU.ActiveCfg = Release|Any CPU
		{49024562-022C-4E51-95C4-373345EBB112}.Release|Any CPU.Build.0 = Release|Any CPU
		{97BBD4CC-C8D0-4F26-9289-CB78EB5C22A0}.Debug|Any CPU.ActiveCfg = Debug|Any CPU
		{97BBD4CC-C8D0-4F26-9289-CB78EB5C22A0}.Debug|Any CPU.Build.0 = Debug|Any CPU
		{97BBD4CC-C8D0-4F26-9289-CB78EB5C22A0}.Release|Any CPU.ActiveCfg = Release|Any CPU
		{97BBD4CC-C8D0-4F26-9289-CB78EB5C22A0}.Release|Any CPU.Build.0 = Release|Any CPU
	EndGlobalSection
	GlobalSection(SolutionProperties) = preSolution
		HideSolutionNode = FALSE
	EndGlobalSection
	GlobalSection(ExtensibilityGlobals) = postSolution
		SolutionGuid = {7A5053B6-B042-4FA1-A00F-7630ECC6DC7D}
	EndGlobalSection
EndGlobal
